// !$*UTF8*$!
{
	archiveVersion = 1;
	classes = {
	};
	objectVersion = 56;
	objects = {

/* Begin PBXBuildFile section */
		1D33DB372DD7377B00310141 /* OpusToOggVC.swift in Sources */ = {isa = PBXBuildFile; fileRef = 1D33DB362DD7377B00310141 /* OpusToOggVC.swift */; };
		1D4603E52E5ED91A0097FDBA /* JLLogHelper.xcframework in Frameworks */ = {isa = PBXBuildFile; fileRef = 1D4603E32E5ED91A0097FDBA /* JLLogHelper.xcframework */; };
		1D4603E62E5ED9220097FDBA /* JLAudioUnitKit.xcframework in Frameworks */ = {isa = PBXBuildFile; fileRef = 1D4603E22E5ED91A0097FDBA /* JLAudioUnitKit.xcframework */; };
		1D4603E72E5ED9220097FDBA /* JLAudioUnitKit.xcframework in Embed Frameworks */ = {isa = PBXBuildFile; fileRef = 1D4603E22E5ED91A0097FDBA /* JLAudioUnitKit.xcframework */; settings = {ATTRIBUTES = (CodeSignOnCopy, RemoveHeadersOnCopy, ); }; };
		1D75AD692CF4811C002DB241 /* BaseViewController.swift in Sources */ = {isa = PBXBuildFile; fileRef = 1D75AD672CF4811C002DB241 /* BaseViewController.swift */; };
		1D75AD6A2CF4811C002DB241 /* NavViewController.swift in Sources */ = {isa = PBXBuildFile; fileRef = 1D75AD682CF4811C002DB241 /* NavViewController.swift */; };
		1D75AD6B2CF4811C002DB241 /* BaseView.swift in Sources */ = {isa = PBXBuildFile; fileRef = 1D75AD662CF4811C002DB241 /* BaseView.swift */; };
		1D75AD6D2CF48153002DB241 /* Colors.swift in Sources */ = {isa = PBXBuildFile; fileRef = 1D75AD6C2CF48153002DB241 /* Colors.swift */; };
		1D75AD702CF4A253002DB241 /* MainVC.swift in Sources */ = {isa = PBXBuildFile; fileRef = 1D75AD6F2CF4A253002DB241 /* MainVC.swift */; };
		1D75AD722CF4A65B002DB241 /* SpeexDecodeVC.swift in Sources */ = {isa = PBXBuildFile; fileRef = 1D75AD712CF4A65B002DB241 /* SpeexDecodeVC.swift */; };
		1D75AD742CF4A685002DB241 /* OpusDecodeVC.swift in Sources */ = {isa = PBXBuildFile; fileRef = 1D75AD732CF4A685002DB241 /* OpusDecodeVC.swift */; };
		1D75AD762CF4A694002DB241 /* OpusEncodeVC.swift in Sources */ = {isa = PBXBuildFile; fileRef = 1D75AD752CF4A694002DB241 /* OpusEncodeVC.swift */; };
		1D75AD792CF4A7A6002DB241 /* FileListView.swift in Sources */ = {isa = PBXBuildFile; fileRef = 1D75AD782CF4A7A6002DB241 /* FileListView.swift */; };
		1D75AD7B2CF56B08002DB241 /* Tools.swift in Sources */ = {isa = PBXBuildFile; fileRef = 1D75AD7A2CF56B08002DB241 /* Tools.swift */; };
		1D75AD812CF59E93002DB241 /* SettingViewController.swift in Sources */ = {isa = PBXBuildFile; fileRef = 1D75AD802CF59E93002DB241 /* SettingViewController.swift */; };
		1D75AD842CF5BC1F002DB241 /* JLAudioRecoder.swift in Sources */ = {isa = PBXBuildFile; fileRef = 1D75AD832CF5BC1F002DB241 /* JLAudioRecoder.swift */; };
		1D75AD862CF5C618002DB241 /* JLAudioPlayer.swift in Sources */ = {isa = PBXBuildFile; fileRef = 1D75AD852CF5C618002DB241 /* JLAudioPlayer.swift */; };
		1D75AD8A2CF6ED09002DB241 /* SpectrogramView.swift in Sources */ = {isa = PBXBuildFile; fileRef = 1D75AD892CF6ED09002DB241 /* SpectrogramView.swift */; };
		1D75AD8E2CF6F5E5002DB241 /* FFTHelper.m in Sources */ = {isa = PBXBuildFile; fileRef = 1D75AD8D2CF6F5E5002DB241 /* FFTHelper.m */; };
		1DB9C23F2D3F3EEB00BCCEB2 /* PcmToWtgVC.swift in Sources */ = {isa = PBXBuildFile; fileRef = 1DB9C23E2D3F3EEB00BCCEB2 /* PcmToWtgVC.swift */; };
		1DE8FEE72DAE94B0000B5FD6 /* PcmToWavVC.swift in Sources */ = {isa = PBXBuildFile; fileRef = 1DE8FEE62DAE94B0000B5FD6 /* PcmToWavVC.swift */; };
		1DF102992CEF5F09003CFE84 /* AppDelegate.swift in Sources */ = {isa = PBXBuildFile; fileRef = 1DF102982CEF5F09003CFE84 /* AppDelegate.swift */; };
		1DF102A22CEF5F0C003CFE84 /* Assets.xcassets in Resources */ = {isa = PBXBuildFile; fileRef = 1DF102A12CEF5F0C003CFE84 /* Assets.xcassets */; };
		1DF102A52CEF5F0C003CFE84 /* Base in Resources */ = {isa = PBXBuildFile; fileRef = 1DF102A42CEF5F0C003CFE84 /* Base */; };
		1DF102AE2CEF5F3C003CFE84 /* AVFoundation.framework in Frameworks */ = {isa = PBXBuildFile; fileRef = 1DF102AD2CEF5F3C003CFE84 /* AVFoundation.framework */; };
		1DF102C22CF019D5003CFE84 /* R.generated.swift in Sources */ = {isa = PBXBuildFile; fileRef = 1DF102C12CF019D5003CFE84 /* R.generated.swift */; };
		22133C0BDDCE39AA5C4EE64B /* Pods_JLAudioUnitKitDemo.framework in Frameworks */ = {isa = PBXBuildFile; fileRef = 5BE95FEA9C6BD5F9D062CD21 /* Pods_JLAudioUnitKitDemo.framework */; };
/* End PBXBuildFile section */

/* Begin PBXCopyFilesBuildPhase section */
		1DF102B82CEF6BFB003CFE84 /* Embed Frameworks */ = {
			isa = PBXCopyFilesBuildPhase;
			buildActionMask = 2147483647;
			dstPath = "";
			dstSubfolderSpec = 10;
			files = (
				1D4603E72E5ED9220097FDBA /* JLAudioUnitKit.xcframework in Embed Frameworks */,
			);
			name = "Embed Frameworks";
			runOnlyForDeploymentPostprocessing = 0;
		};
/* End PBXCopyFilesBuildPhase section */

/* Begin PBXFileReference section */
		1D33DB362DD7377B00310141 /* OpusToOggVC.swift */ = {isa = PBXFileReference; lastKnownFileType = sourcecode.swift; path = OpusToOggVC.swift; sourceTree = "<group>"; };
		1D4603E22E5ED91A0097FDBA /* JLAudioUnitKit.xcframework */ = {isa = PBXFileReference; lastKnownFileType = wrapper.xcframework; path = JLAudioUnitKit.xcframework; sourceTree = "<group>"; };
		1D4603E32E5ED91A0097FDBA /* JLLogHelper.xcframework */ = {isa = PBXFileReference; lastKnownFileType = wrapper.xcframework; path = JLLogHelper.xcframework; sourceTree = "<group>"; };
		1D75AD662CF4811C002DB241 /* BaseView.swift */ = {isa = PBXFileReference; lastKnownFileType = sourcecode.swift; path = BaseView.swift; sourceTree = "<group>"; };
		1D75AD672CF4811C002DB241 /* BaseViewController.swift */ = {isa = PBXFileReference; lastKnownFileType = sourcecode.swift; path = BaseViewController.swift; sourceTree = "<group>"; };
		1D75AD682CF4811C002DB241 /* NavViewController.swift */ = {isa = PBXFileReference; lastKnownFileType = sourcecode.swift; path = NavViewController.swift; sourceTree = "<group>"; };
		1D75AD6C2CF48153002DB241 /* Colors.swift */ = {isa = PBXFileReference; lastKnownFileType = sourcecode.swift; path = Colors.swift; sourceTree = "<group>"; };
		1D75AD6F2CF4A253002DB241 /* MainVC.swift */ = {isa = PBXFileReference; lastKnownFileType = sourcecode.swift; path = MainVC.swift; sourceTree = "<group>"; };
		1D75AD712CF4A65B002DB241 /* SpeexDecodeVC.swift */ = {isa = PBXFileReference; lastKnownFileType = sourcecode.swift; path = SpeexDecodeVC.swift; sourceTree = "<group>"; };
		1D75AD732CF4A685002DB241 /* OpusDecodeVC.swift */ = {isa = PBXFileReference; lastKnownFileType = sourcecode.swift; path = OpusDecodeVC.swift; sourceTree = "<group>"; };
		1D75AD752CF4A694002DB241 /* OpusEncodeVC.swift */ = {isa = PBXFileReference; lastKnownFileType = sourcecode.swift; path = OpusEncodeVC.swift; sourceTree = "<group>"; };
		1D75AD782CF4A7A6002DB241 /* FileListView.swift */ = {isa = PBXFileReference; lastKnownFileType = sourcecode.swift; path = FileListView.swift; sourceTree = "<group>"; };
		1D75AD7A2CF56B08002DB241 /* Tools.swift */ = {isa = PBXFileReference; lastKnownFileType = sourcecode.swift; path = Tools.swift; sourceTree = "<group>"; };
		1D75AD802CF59E93002DB241 /* SettingViewController.swift */ = {isa = PBXFileReference; lastKnownFileType = sourcecode.swift; path = SettingViewController.swift; sourceTree = "<group>"; };
		1D75AD832CF5BC1F002DB241 /* JLAudioRecoder.swift */ = {isa = PBXFileReference; lastKnownFileType = sourcecode.swift; path = JLAudioRecoder.swift; sourceTree = "<group>"; };
		1D75AD852CF5C618002DB241 /* JLAudioPlayer.swift */ = {isa = PBXFileReference; lastKnownFileType = sourcecode.swift; path = JLAudioPlayer.swift; sourceTree = "<group>"; };
		1D75AD892CF6ED09002DB241 /* SpectrogramView.swift */ = {isa = PBXFileReference; lastKnownFileType = sourcecode.swift; path = SpectrogramView.swift; sourceTree = "<group>"; };
		1D75AD8B2CF6F5E4002DB241 /* JLAudioUnitKitDemo-Bridging-Header.h */ = {isa = PBXFileReference; lastKnownFileType = sourcecode.c.h; path = "JLAudioUnitKitDemo-Bridging-Header.h"; sourceTree = "<group>"; };
		1D75AD8C2CF6F5E5002DB241 /* FFTHelper.h */ = {isa = PBXFileReference; lastKnownFileType = sourcecode.c.h; path = FFTHelper.h; sourceTree = "<group>"; };
		1D75AD8D2CF6F5E5002DB241 /* FFTHelper.m */ = {isa = PBXFileReference; lastKnownFileType = sourcecode.c.objc; path = FFTHelper.m; sourceTree = "<group>"; };
		1DB9C23E2D3F3EEB00BCCEB2 /* PcmToWtgVC.swift */ = {isa = PBXFileReference; lastKnownFileType = sourcecode.swift; path = PcmToWtgVC.swift; sourceTree = "<group>"; };
		1DE8FEE62DAE94B0000B5FD6 /* PcmToWavVC.swift */ = {isa = PBXFileReference; lastKnownFileType = sourcecode.swift; path = PcmToWavVC.swift; sourceTree = "<group>"; };
		1DF102952CEF5F09003CFE84 /* JLAudioUnitKitDemo.app */ = {isa = PBXFileReference; explicitFileType = wrapper.application; includeInIndex = 0; path = JLAudioUnitKitDemo.app; sourceTree = BUILT_PRODUCTS_DIR; };
		1DF102982CEF5F09003CFE84 /* AppDelegate.swift */ = {isa = PBXFileReference; lastKnownFileType = sourcecode.swift; path = AppDelegate.swift; sourceTree = "<group>"; };
		1DF102A12CEF5F0C003CFE84 /* Assets.xcassets */ = {isa = PBXFileReference; lastKnownFileType = folder.assetcatalog; path = Assets.xcassets; sourceTree = "<group>"; };
		1DF102A42CEF5F0C003CFE84 /* Base */ = {isa = PBXFileReference; lastKnownFileType = file.storyboard; name = Base; path = Base.lproj/LaunchScreen.storyboard; sourceTree = "<group>"; };
		1DF102A62CEF5F0C003CFE84 /* Info.plist */ = {isa = PBXFileReference; lastKnownFileType = text.plist.xml; path = Info.plist; sourceTree = "<group>"; };
		1DF102AD2CEF5F3C003CFE84 /* AVFoundation.framework */ = {isa = PBXFileReference; lastKnownFileType = wrapper.framework; name = AVFoundation.framework; path = System/Library/Frameworks/AVFoundation.framework; sourceTree = SDKROOT; };
		1DF102C12CF019D5003CFE84 /* R.generated.swift */ = {isa = PBXFileReference; fileEncoding = 4; lastKnownFileType = sourcecode.swift; path = R.generated.swift; sourceTree = SOURCE_ROOT; };
		5BE95FEA9C6BD5F9D062CD21 /* Pods_JLAudioUnitKitDemo.framework */ = {isa = PBXFileReference; explicitFileType = wrapper.framework; includeInIndex = 0; path = Pods_JLAudioUnitKitDemo.framework; sourceTree = BUILT_PRODUCTS_DIR; };
		BC3706B0018E0E86ED1267A4 /* Pods-JLAudioUnitKitDemo.debug.xcconfig */ = {isa = PBXFileReference; includeInIndex = 1; lastKnownFileType = text.xcconfig; name = "Pods-JLAudioUnitKitDemo.debug.xcconfig"; path = "Target Support Files/Pods-JLAudioUnitKitDemo/Pods-JLAudioUnitKitDemo.debug.xcconfig"; sourceTree = "<group>"; };
		ED8266B5C56A51D3EED16575 /* Pods-JLAudioUnitKitDemo.release.xcconfig */ = {isa = PBXFileReference; includeInIndex = 1; lastKnownFileType = text.xcconfig; name = "Pods-JLAudioUnitKitDemo.release.xcconfig"; path = "Target Support Files/Pods-JLAudioUnitKitDemo/Pods-JLAudioUnitKitDemo.release.xcconfig"; sourceTree = "<group>"; };
/* End PBXFileReference section */

/* Begin PBXFrameworksBuildPhase section */
		1DF102922CEF5F09003CFE84 /* Frameworks */ = {
			isa = PBXFrameworksBuildPhase;
			buildActionMask = 2147483647;
			files = (
				1D4603E52E5ED91A0097FDBA /* JLLogHelper.xcframework in Frameworks */,
				1D4603E62E5ED9220097FDBA /* JLAudioUnitKit.xcframework in Frameworks */,
				1DF102AE2CEF5F3C003CFE84 /* AVFoundation.framework in Frameworks */,
				22133C0BDDCE39AA5C4EE64B /* Pods_JLAudioUnitKitDemo.framework in Frameworks */,
			);
			runOnlyForDeploymentPostprocessing = 0;
		};
/* End PBXFrameworksBuildPhase section */

/* Begin PBXGroup section */
		1D75AD6E2CF49FAC002DB241 /* Tools */ = {
			isa = PBXGroup;
			children = (
				1D75AD7A2CF56B08002DB241 /* Tools.swift */,
				1D75AD6C2CF48153002DB241 /* Colors.swift */,
				1D75AD832CF5BC1F002DB241 /* JLAudioRecoder.swift */,
				1D75AD852CF5C618002DB241 /* JLAudioPlayer.swift */,
				1D75AD8C2CF6F5E5002DB241 /* FFTHelper.h */,
				1D75AD8D2CF6F5E5002DB241 /* FFTHelper.m */,
				1D75AD8B2CF6F5E4002DB241 /* JLAudioUnitKitDemo-Bridging-Header.h */,
			);
			path = Tools;
			sourceTree = "<group>";
		};
		1D75AD772CF4A787002DB241 /* Views */ = {
			isa = PBXGroup;
			children = (
				1D75AD782CF4A7A6002DB241 /* FileListView.swift */,
				1D75AD892CF6ED09002DB241 /* SpectrogramView.swift */,
			);
			path = Views;
			sourceTree = "<group>";
		};
		1DF1028C2CEF5F09003CFE84 = {
			isa = PBXGroup;
			children = (
				1DF102972CEF5F09003CFE84 /* JLAudioUnitKitDemo */,
				1DF102962CEF5F09003CFE84 /* Products */,
				1DF102AC2CEF5F3B003CFE84 /* Frameworks */,
				98002AAB9FB888F8826A9661 /* Pods */,
			);
			sourceTree = "<group>";
		};
		1DF102962CEF5F09003CFE84 /* Products */ = {
			isa = PBXGroup;
			children = (
				1DF102952CEF5F09003CFE84 /* JLAudioUnitKitDemo.app */,
			);
			name = Products;
			sourceTree = "<group>";
		};
		1DF102972CEF5F09003CFE84 /* JLAudioUnitKitDemo */ = {
			isa = PBXGroup;
			children = (
				1DF102982CEF5F09003CFE84 /* AppDelegate.swift */,
				1D75AD772CF4A787002DB241 /* Views */,
				1D75AD6E2CF49FAC002DB241 /* Tools */,
				1DF102BC2CF0174C003CFE84 /* ViewControllers */,
				1DF102C02CF019B5003CFE84 /* Source */,
				1DF102A12CEF5F0C003CFE84 /* Assets.xcassets */,
				1DF102A32CEF5F0C003CFE84 /* LaunchScreen.storyboard */,
				1DF102A62CEF5F0C003CFE84 /* Info.plist */,
			);
			path = JLAudioUnitKitDemo;
			sourceTree = "<group>";
		};
		1DF102AC2CEF5F3B003CFE84 /* Frameworks */ = {
			isa = PBXGroup;
			children = (
				1D4603E22E5ED91A0097FDBA /* JLAudioUnitKit.xcframework */,
				1D4603E32E5ED91A0097FDBA /* JLLogHelper.xcframework */,
				1DF102AD2CEF5F3C003CFE84 /* AVFoundation.framework */,
				5BE95FEA9C6BD5F9D062CD21 /* Pods_JLAudioUnitKitDemo.framework */,
			);
			name = Frameworks;
			sourceTree = "<group>";
		};
		1DF102BC2CF0174C003CFE84 /* ViewControllers */ = {
			isa = PBXGroup;
			children = (
				1D75AD662CF4811C002DB241 /* BaseView.swift */,
				1D75AD672CF4811C002DB241 /* BaseViewController.swift */,
				1D75AD682CF4811C002DB241 /* NavViewController.swift */,
				1D75AD6F2CF4A253002DB241 /* MainVC.swift */,
				1D75AD752CF4A694002DB241 /* OpusEncodeVC.swift */,
				1D75AD732CF4A685002DB241 /* OpusDecodeVC.swift */,
				1D75AD712CF4A65B002DB241 /* SpeexDecodeVC.swift */,
				1D33DB362DD7377B00310141 /* OpusToOggVC.swift */,
				1DB9C23E2D3F3EEB00BCCEB2 /* PcmToWtgVC.swift */,
				1DE8FEE62DAE94B0000B5FD6 /* PcmToWavVC.swift */,
				1D75AD802CF59E93002DB241 /* SettingViewController.swift */,
			);
			path = ViewControllers;
			sourceTree = "<group>";
		};
		1DF102C02CF019B5003CFE84 /* Source */ = {
			isa = PBXGroup;
			children = (
				1DF102C12CF019D5003CFE84 /* R.generated.swift */,
			);
			path = Source;
			sourceTree = "<group>";
		};
		98002AAB9FB888F8826A9661 /* Pods */ = {
			isa = PBXGroup;
			children = (
				BC3706B0018E0E86ED1267A4 /* Pods-JLAudioUnitKitDemo.debug.xcconfig */,
				ED8266B5C56A51D3EED16575 /* Pods-JLAudioUnitKitDemo.release.xcconfig */,
			);
			path = Pods;
			sourceTree = "<group>";
		};
/* End PBXGroup section */

/* Begin PBXNativeTarget section */
		1DF102942CEF5F09003CFE84 /* JLAudioUnitKitDemo */ = {
			isa = PBXNativeTarget;
			buildConfigurationList = 1DF102A92CEF5F0C003CFE84 /* Build configuration list for PBXNativeTarget "JLAudioUnitKitDemo" */;
			buildPhases = (
				41219C897875974D0B4EF276 /* [CP] Check Pods Manifest.lock */,
				1DF102BE2CF01837003CFE84 /* ShellScript */,
				1DF102912CEF5F09003CFE84 /* Sources */,
				1DF102922CEF5F09003CFE84 /* Frameworks */,
				1DF102932CEF5F09003CFE84 /* Resources */,
				1DF102B82CEF6BFB003CFE84 /* Embed Frameworks */,
				313503ED20F75D1D5F330891 /* [CP] Embed Pods Frameworks */,
			);
			buildRules = (
			);
			dependencies = (
			);
			name = JLAudioUnitKitDemo;
			productName = JLAudioUnitKitDemo;
			productReference = 1DF102952CEF5F09003CFE84 /* JLAudioUnitKitDemo.app */;
			productType = "com.apple.product-type.application";
		};
/* End PBXNativeTarget section */

/* Begin PBXProject section */
		1DF1028D2CEF5F09003CFE84 /* Project object */ = {
			isa = PBXProject;
			attributes = {
				BuildIndependentTargetsInParallel = 1;
				LastSwiftUpdateCheck = 1530;
				LastUpgradeCheck = 1530;
				TargetAttributes = {
					1DF102942CEF5F09003CFE84 = {
						CreatedOnToolsVersion = 15.3;
						LastSwiftMigration = 1610;
					};
				};
			};
			buildConfigurationList = 1DF102902CEF5F09003CFE84 /* Build configuration list for PBXProject "JLAudioUnitKitDemo" */;
			compatibilityVersion = "Xcode 14.0";
			developmentRegion = en;
			hasScannedForEncodings = 0;
			knownRegions = (
				en,
				Base,
			);
			mainGroup = 1DF1028C2CEF5F09003CFE84;
			productRefGroup = 1DF102962CEF5F09003CFE84 /* Products */;
			projectDirPath = "";
			projectRoot = "";
			targets = (
				1DF102942CEF5F09003CFE84 /* JLAudioUnitKitDemo */,
			);
		};
/* End PBXProject section */

/* Begin PBXResourcesBuildPhase section */
		1DF102932CEF5F09003CFE84 /* Resources */ = {
			isa = PBXResourcesBuildPhase;
			buildActionMask = 2147483647;
			files = (
				1DF102A22CEF5F0C003CFE84 /* Assets.xcassets in Resources */,
				1DF102A52CEF5F0C003CFE84 /* Base in Resources */,
			);
			runOnlyForDeploymentPostprocessing = 0;
		};
/* End PBXResourcesBuildPhase section */

/* Begin PBXShellScriptBuildPhase section */
		1DF102BE2CF01837003CFE84 /* ShellScript */ = {
			isa = PBXShellScriptBuildPhase;
			alwaysOutOfDate = 1;
			buildActionMask = 2147483647;
			files = (
			);
			inputFileListPaths = (
			);
			inputPaths = (
			);
			outputFileListPaths = (
			);
			outputPaths = (
				$SRCROOT/R.generated.swift,
			);
			runOnlyForDeploymentPostprocessing = 0;
			shellPath = /bin/sh;
			shellScript = "# Type a script or drag a script file from your workspace to insert its path.\n\"$PODS_ROOT/R.swift/rswift\" generate \"$SRCROOT/R.generated.swift\"\n";
			showEnvVarsInLog = 0;
		};
		313503ED20F75D1D5F330891 /* [CP] Embed Pods Frameworks */ = {
			isa = PBXShellScriptBuildPhase;
			buildActionMask = 2147483647;
			files = (
			);
			inputFileListPaths = (
				"${PODS_ROOT}/Target Support Files/Pods-JLAudioUnitKitDemo/Pods-JLAudioUnitKitDemo-frameworks-${CONFIGURATION}-input-files.xcfilelist",
			);
			inputPaths = (
			);
			name = "[CP] Embed Pods Frameworks";
			outputFileListPaths = (
				"${PODS_ROOT}/Target Support Files/Pods-JLAudioUnitKitDemo/Pods-JLAudioUnitKitDemo-frameworks-${CONFIGURATION}-output-files.xcfilelist",
			);
			outputPaths = (
			);
			runOnlyForDeploymentPostprocessing = 0;
			shellPath = /bin/sh;
			shellScript = "\"${PODS_ROOT}/Target Support Files/Pods-JLAudioUnitKitDemo/Pods-JLAudioUnitKitDemo-frameworks.sh\"\n";
			showEnvVarsInLog = 0;
		};
		41219C897875974D0B4EF276 /* [CP] Check Pods Manifest.lock */ = {
			isa = PBXShellScriptBuildPhase;
			buildActionMask = 2147483647;
			files = (
			);
			inputFileListPaths = (
			);
			inputPaths = (
				"${PODS_PODFILE_DIR_PATH}/Podfile.lock",
				"${PODS_ROOT}/Manifest.lock",
			);
			name = "[CP] Check Pods Manifest.lock";
			outputFileListPaths = (
			);
			outputPaths = (
				"$(DERIVED_FILE_DIR)/Pods-JLAudioUnitKitDemo-checkManifestLockResult.txt",
			);
			runOnlyForDeploymentPostprocessing = 0;
			shellPath = /bin/sh;
			shellScript = "diff \"${PODS_PODFILE_DIR_PATH}/Podfile.lock\" \"${PODS_ROOT}/Manifest.lock\" > /dev/null\nif [ $? != 0 ] ; then\n    # print error to STDERR\n    echo \"error: The sandbox is not in sync with the Podfile.lock. Run 'pod install' or update your CocoaPods installation.\" >&2\n    exit 1\nfi\n# This output is used by Xcode 'outputs' to avoid re-running this script phase.\necho \"SUCCESS\" > \"${SCRIPT_OUTPUT_FILE_0}\"\n";
			showEnvVarsInLog = 0;
		};
/* End PBXShellScriptBuildPhase section */

/* Begin PBXSourcesBuildPhase section */
		1DF102912CEF5F09003CFE84 /* Sources */ = {
			isa = PBXSourcesBuildPhase;
			buildActionMask = 2147483647;
			files = (
				1D33DB372DD7377B00310141 /* OpusToOggVC.swift in Sources */,
				1D75AD722CF4A65B002DB241 /* SpeexDecodeVC.swift in Sources */,
				1D75AD692CF4811C002DB241 /* BaseViewController.swift in Sources */,
				1D75AD8A2CF6ED09002DB241 /* SpectrogramView.swift in Sources */,
				1D75AD6D2CF48153002DB241 /* Colors.swift in Sources */,
				1D75AD862CF5C618002DB241 /* JLAudioPlayer.swift in Sources */,
				1D75AD7B2CF56B08002DB241 /* Tools.swift in Sources */,
				1D75AD6A2CF4811C002DB241 /* NavViewController.swift in Sources */,
				1DB9C23F2D3F3EEB00BCCEB2 /* PcmToWtgVC.swift in Sources */,
				1D75AD812CF59E93002DB241 /* SettingViewController.swift in Sources */,
				1D75AD842CF5BC1F002DB241 /* JLAudioRecoder.swift in Sources */,
				1DE8FEE72DAE94B0000B5FD6 /* PcmToWavVC.swift in Sources */,
				1D75AD792CF4A7A6002DB241 /* FileListView.swift in Sources */,
				1D75AD742CF4A685002DB241 /* OpusDecodeVC.swift in Sources */,
				1D75AD762CF4A694002DB241 /* OpusEncodeVC.swift in Sources */,
				1D75AD6B2CF4811C002DB241 /* BaseView.swift in Sources */,
				1DF102992CEF5F09003CFE84 /* AppDelegate.swift in Sources */,
				1DF102C22CF019D5003CFE84 /* R.generated.swift in Sources */,
				1D75AD8E2CF6F5E5002DB241 /* FFTHelper.m in Sources */,
				1D75AD702CF4A253002DB241 /* MainVC.swift in Sources */,
			);
			runOnlyForDeploymentPostprocessing = 0;
		};
/* End PBXSourcesBuildPhase section */

/* Begin PBXVariantGroup section */
		1DF102A32CEF5F0C003CFE84 /* LaunchScreen.storyboard */ = {
			isa = PBXVariantGroup;
			children = (
				1DF102A42CEF5F0C003CFE84 /* Base */,
			);
			name = LaunchScreen.storyboard;
			sourceTree = "<group>";
		};
/* End PBXVariantGroup section */

/* Begin XCBuildConfiguration section */
		1DF102A72CEF5F0C003CFE84 /* Debug */ = {
			isa = XCBuildConfiguration;
			buildSettings = {
				ALWAYS_SEARCH_USER_PATHS = NO;
				ASSETCATALOG_COMPILER_GENERATE_SWIFT_ASSET_SYMBOL_EXTENSIONS = YES;
				CLANG_ANALYZER_NONNULL = YES;
				CLANG_ANALYZER_NUMBER_OBJECT_CONVERSION = YES_AGGRESSIVE;
				CLANG_CXX_LANGUAGE_STANDARD = "gnu++20";
				CLANG_ENABLE_MODULES = YES;
				CLANG_ENABLE_OBJC_ARC = YES;
				CLANG_ENABLE_OBJC_WEAK = YES;
				CLANG_WARN_BLOCK_CAPTURE_AUTORELEASING = YES;
				CLANG_WARN_BOOL_CONVERSION = YES;
				CLANG_WARN_COMMA = YES;
				CLANG_WARN_CONSTANT_CONVERSION = YES;
				CLANG_WARN_DEPRECATED_OBJC_IMPLEMENTATIONS = YES;
				CLANG_WARN_DIRECT_OBJC_ISA_USAGE = YES_ERROR;
				CLANG_WARN_DOCUMENTATION_COMMENTS = YES;
				CLANG_WARN_EMPTY_BODY = YES;
				CLANG_WARN_ENUM_CONVERSION = YES;
				CLANG_WARN_INFINITE_RECURSION = YES;
				CLANG_WARN_INT_CONVERSION = YES;
				CLANG_WARN_NON_LITERAL_NULL_CONVERSION = YES;
				CLANG_WARN_OBJC_IMPLICIT_RETAIN_SELF = YES;
				CLANG_WARN_OBJC_LITERAL_CONVERSION = YES;
				CLANG_WARN_OBJC_ROOT_CLASS = YES_ERROR;
				CLANG_WARN_QUOTED_INCLUDE_IN_FRAMEWORK_HEADER = YES;
				CLANG_WARN_RANGE_LOOP_ANALYSIS = YES;
				CLANG_WARN_STRICT_PROTOTYPES = YES;
				CLANG_WARN_SUSPICIOUS_MOVE = YES;
				CLANG_WARN_UNGUARDED_AVAILABILITY = YES_AGGRESSIVE;
				CLANG_WARN_UNREACHABLE_CODE = YES;
				CLANG_WARN__DUPLICATE_METHOD_MATCH = YES;
				COPY_PHASE_STRIP = NO;
				DEBUG_INFORMATION_FORMAT = dwarf;
				ENABLE_STRICT_OBJC_MSGSEND = YES;
				ENABLE_TESTABILITY = YES;
				ENABLE_USER_SCRIPT_SANDBOXING = YES;
				GCC_C_LANGUAGE_STANDARD = gnu17;
				GCC_DYNAMIC_NO_PIC = NO;
				GCC_NO_COMMON_BLOCKS = YES;
				GCC_OPTIMIZATION_LEVEL = 0;
				GCC_PREPROCESSOR_DEFINITIONS = (
					"DEBUG=1",
					"$(inherited)",
				);
				GCC_WARN_64_TO_32_BIT_CONVERSION = YES;
				GCC_WARN_ABOUT_RETURN_TYPE = YES_ERROR;
				GCC_WARN_UNDECLARED_SELECTOR = YES;
				GCC_WARN_UNINITIALIZED_AUTOS = YES_AGGRESSIVE;
				GCC_WARN_UNUSED_FUNCTION = YES;
				GCC_WARN_UNUSED_VARIABLE = YES;
				IPHONEOS_DEPLOYMENT_TARGET = 17.4;
				LOCALIZATION_PREFERS_STRING_CATALOGS = YES;
				MTL_ENABLE_DEBUG_INFO = INCLUDE_SOURCE;
				MTL_FAST_MATH = YES;
				ONLY_ACTIVE_ARCH = YES;
				SDKROOT = iphoneos;
				SWIFT_ACTIVE_COMPILATION_CONDITIONS = "DEBUG $(inherited)";
				SWIFT_OPTIMIZATION_LEVEL = "-Onone";
			};
			name = Debug;
		};
		1DF102A82CEF5F0C003CFE84 /* Release */ = {
			isa = XCBuildConfiguration;
			buildSettings = {
				ALWAYS_SEARCH_USER_PATHS = NO;
				ASSETCATALOG_COMPILER_GENERATE_SWIFT_ASSET_SYMBOL_EXTENSIONS = YES;
				CLANG_ANALYZER_NONNULL = YES;
				CLANG_ANALYZER_NUMBER_OBJECT_CONVERSION = YES_AGGRESSIVE;
				CLANG_CXX_LANGUAGE_STANDARD = "gnu++20";
				CLANG_ENABLE_MODULES = YES;
				CLANG_ENABLE_OBJC_ARC = YES;
				CLANG_ENABLE_OBJC_WEAK = YES;
				CLANG_WARN_BLOCK_CAPTURE_AUTORELEASING = YES;
				CLANG_WARN_BOOL_CONVERSION = YES;
				CLANG_WARN_COMMA = YES;
				CLANG_WARN_CONSTANT_CONVERSION = YES;
				CLANG_WARN_DEPRECATED_OBJC_IMPLEMENTATIONS = YES;
				CLANG_WARN_DIRECT_OBJC_ISA_USAGE = YES_ERROR;
				CLANG_WARN_DOCUMENTATION_COMMENTS = YES;
				CLANG_WARN_EMPTY_BODY = YES;
				CLANG_WARN_ENUM_CONVERSION = YES;
				CLANG_WARN_INFINITE_RECURSION = YES;
				CLANG_WARN_INT_CONVERSION = YES;
				CLANG_WARN_NON_LITERAL_NULL_CONVERSION = YES;
				CLANG_WARN_OBJC_IMPLICIT_RETAIN_SELF = YES;
				CLANG_WARN_OBJC_LITERAL_CONVERSION = YES;
				CLANG_WARN_OBJC_ROOT_CLASS = YES_ERROR;
				CLANG_WARN_QUOTED_INCLUDE_IN_FRAMEWORK_HEADER = YES;
				CLANG_WARN_RANGE_LOOP_ANALYSIS = YES;
				CLANG_WARN_STRICT_PROTOTYPES = YES;
				CLANG_WARN_SUSPICIOUS_MOVE = YES;
				CLANG_WARN_UNGUARDED_AVAILABILITY = YES_AGGRESSIVE;
				CLANG_WARN_UNREACHABLE_CODE = YES;
				CLANG_WARN__DUPLICATE_METHOD_MATCH = YES;
				COPY_PHASE_STRIP = NO;
				DEBUG_INFORMATION_FORMAT = "dwarf-with-dsym";
				ENABLE_NS_ASSERTIONS = NO;
				ENABLE_STRICT_OBJC_MSGSEND = YES;
				ENABLE_USER_SCRIPT_SANDBOXING = YES;
				GCC_C_LANGUAGE_STANDARD = gnu17;
				GCC_NO_COMMON_BLOCKS = YES;
				GCC_WARN_64_TO_32_BIT_CONVERSION = YES;
				GCC_WARN_ABOUT_RETURN_TYPE = YES_ERROR;
				GCC_WARN_UNDECLARED_SELECTOR = YES;
				GCC_WARN_UNINITIALIZED_AUTOS = YES_AGGRESSIVE;
				GCC_WARN_UNUSED_FUNCTION = YES;
				GCC_WARN_UNUSED_VARIABLE = YES;
				IPHONEOS_DEPLOYMENT_TARGET = 17.4;
				LOCALIZATION_PREFERS_STRING_CATALOGS = YES;
				MTL_ENABLE_DEBUG_INFO = NO;
				MTL_FAST_MATH = YES;
				SDKROOT = iphoneos;
				SWIFT_COMPILATION_MODE = wholemodule;
				VALIDATE_PRODUCT = YES;
			};
			name = Release;
		};
		1DF102AA2CEF5F0C003CFE84 /* Debug */ = {
			isa = XCBuildConfiguration;
			baseConfigurationReference = BC3706B0018E0E86ED1267A4 /* Pods-JLAudioUnitKitDemo.debug.xcconfig */;
			buildSettings = {
				ASSETCATALOG_COMPILER_APPICON_NAME = AppIcon;
				ASSETCATALOG_COMPILER_GLOBAL_ACCENT_COLOR_NAME = AccentColor;
				CLANG_ENABLE_MODULES = YES;
				CODE_SIGN_STYLE = Automatic;
				CURRENT_PROJECT_VERSION = 1;
				DEVELOPMENT_TEAM = J8GU9SL7NG;
				ENABLE_USER_SCRIPT_SANDBOXING = NO;
				GENERATE_INFOPLIST_FILE = YES;
				INFOPLIST_FILE = JLAudioUnitKitDemo/Info.plist;
				INFOPLIST_KEY_UIApplicationSupportsIndirectInputEvents = YES;
				INFOPLIST_KEY_UILaunchStoryboardName = LaunchScreen;
				INFOPLIST_KEY_UIMainStoryboardFile = "";
				INFOPLIST_KEY_UISupportedInterfaceOrientations_iPad = "UIInterfaceOrientationPortrait UIInterfaceOrientationPortraitUpsideDown UIInterfaceOrientationLandscapeLeft UIInterfaceOrientationLandscapeRight";
				INFOPLIST_KEY_UISupportedInterfaceOrientations_iPhone = "UIInterfaceOrientationPortrait UIInterfaceOrientationLandscapeLeft UIInterfaceOrientationLandscapeRight";
				IPHONEOS_DEPLOYMENT_TARGET = 13.0;
				LD_RUNPATH_SEARCH_PATHS = (
					"$(inherited)",
					"@executable_path/Frameworks",
				);
				MARKETING_VERSION = 1.0;
				PRODUCT_BUNDLE_IDENTIFIER = "com.zh-jieli.JLAudioUnitKitDemo";
				PRODUCT_NAME = "$(TARGET_NAME)";
				SWIFT_EMIT_LOC_STRINGS = YES;
				SWIFT_OBJC_BRIDGING_HEADER = "JLAudioUnitKitDemo/Tools/JLAudioUnitKitDemo-Bridging-Header.h";
				SWIFT_OPTIMIZATION_LEVEL = "-Onone";
				SWIFT_VERSION = 5.0;
				TARGETED_DEVICE_FAMILY = "1,2";
			};
			name = Debug;
		};
		1DF102AB2CEF5F0C003CFE84 /* Release */ = {
			isa = XCBuildConfiguration;
			baseConfigurationReference = ED8266B5C56A51D3EED16575 /* Pods-JLAudioUnitKitDemo.release.xcconfig */;
			buildSettings = {
				ASSETCATALOG_COMPILER_APPICON_NAME = AppIcon;
				ASSETCATALOG_COMPILER_GLOBAL_ACCENT_COLOR_NAME = AccentColor;
				CLANG_ENABLE_MODULES = YES;
				CODE_SIGN_STYLE = Automatic;
				CURRENT_PROJECT_VERSION = 1;
				DEVELOPMENT_TEAM = J8GU9SL7NG;
				ENABLE_USER_SCRIPT_SANDBOXING = NO;
				GENERATE_INFOPLIST_FILE = YES;
				INFOPLIST_FILE = JLAudioUnitKitDemo/Info.plist;
				INFOPLIST_KEY_UIApplicationSupportsIndirectInputEvents = YES;
				INFOPLIST_KEY_UILaunchStoryboardName = LaunchScreen;
				INFOPLIST_KEY_UIMainStoryboardFile = "";
				INFOPLIST_KEY_UISupportedInterfaceOrientations_iPad = "UIInterfaceOrientationPortrait UIInterfaceOrientationPortraitUpsideDown UIInterfaceOrientationLandscapeLeft UIInterfaceOrientationLandscapeRight";
				INFOPLIST_KEY_UISupportedInterfaceOrientations_iPhone = "UIInterfaceOrientationPortrait UIInterfaceOrientationLandscapeLeft UIInterfaceOrientationLandscapeRight";
				IPHONEOS_DEPLOYMENT_TARGET = 13.0;
				LD_RUNPATH_SEARCH_PATHS = (
					"$(inherited)",
					"@executable_path/Frameworks",
				);
				MARKETING_VERSION = 1.0;
				PRODUCT_BUNDLE_IDENTIFIER = "com.zh-jieli.JLAudioUnitKitDemo";
				PRODUCT_NAME = "$(TARGET_NAME)";
				SWIFT_EMIT_LOC_STRINGS = YES;
				SWIFT_OBJC_BRIDGING_HEADER = "JLAudioUnitKitDemo/Tools/JLAudioUnitKitDemo-Bridging-Header.h";
				SWIFT_VERSION = 5.0;
				TARGETED_DEVICE_FAMILY = "1,2";
			};
			name = Release;
		};
/* End XCBuildConfiguration section */

/* Begin XCConfigurationList section */
		1DF102902CEF5F09003CFE84 /* Build configuration list for PBXProject "JLAudioUnitKitDemo" */ = {
			isa = XCConfigurationList;
			buildConfigurations = (
				1DF102A72CEF5F0C003CFE84 /* Debug */,
				1DF102A82CEF5F0C003CFE84 /* Release */,
			);
			defaultConfigurationIsVisible = 0;
			defaultConfigurationName = Release;
		};
		1DF102A92CEF5F0C003CFE84 /* Build configuration list for PBXNativeTarget "JLAudioUnitKitDemo" */ = {
			isa = XCConfigurationList;
			buildConfigurations = (
				1DF102AA2CEF5F0C003CFE84 /* Debug */,
				1DF102AB2CEF5F0C003CFE84 /* Release */,
			);
			defaultConfigurationIsVisible = 0;
			defaultConfigurationName = Release;
		};
/* End XCConfigurationList section */
	};
	rootObject = 1DF1028D2CEF5F09003CFE84 /* Project object */;
}
